
Microsoft Visual Studio Solution File, Format Version 12.00
# Visual Studio Version 17
VisualStudioVersion = 17.8.34309.116
MinimumVisualStudioVersion = 10.0.40219.1
Project("{FAE04EC0-301F-11D3-BF4B-00C04F79EFBC}") = "ReflectionHometask", "ReflectionHometask\ReflectionHometask.csproj", "{0CBA8CF6-D1FE-4ABA-8E0E-E5CB27B9F52F}"
EndProject
Global
	GlobalSection(SolutionConfigurationPlatforms) = preSolution
		Debug|Any CPU = Debug|Any CPU
		Release|Any CPU = Release|Any CPU
	EndGlobalSection
	GlobalSection(ProjectConfigurationPlatforms) = postSolution
		{0CBA8CF6-D1FE-4ABA-8E0E-E5CB27B9F52F}.Debug|Any CPU.ActiveCfg = Debug|Any CPU
		{0CBA8CF6-D1FE-4ABA-8E0E-E5CB27B9F52F}.Debug|Any CPU.Build.0 = Debug|Any CPU
		{0CBA8CF6-D1FE-4ABA-8E0E-E5CB27B9F52F}.Release|Any CPU.ActiveCfg = Release|Any CPU
		{0CBA8CF6-D1FE-4ABA-8E0E-E5CB27B9F52F}.Release|Any CPU.Build.0 = Release|Any CPU
	EndGlobalSection
	GlobalSection(SolutionProperties) = preSolution
		HideSolutionNode = FALSE
	EndGlobalSection
	GlobalSection(ExtensibilityGlobals) = postSolution
		SolutionGuid = {BA6D3BB1-8A32-46C2-AA68-771B84348536}
	EndGlobalSection
EndGlobal
